
Microsoft Visual Studio Solution File, Format Version 12.00
# Visual Studio 2013
VisualStudioVersion = 12.0.20617.1 PREVIEW
MinimumVisualStudioVersion = 10.0.40219.1
Project("{FAE04EC0-301F-11D3-BF4B-00C04F79EFBC}") = "System.Web.StaticOptimization.Mvc", "System.Web.StaticOptimization.Mvc\System.Web.StaticOptimization.Mvc.csproj", "{BD2EFCD7-D6B7-4999-B9B7-E6BBCF2A85B2}"
EndProject
Project("{FAE04EC0-301F-11D3-BF4B-00C04F79EFBC}") = "System.Web.StaticOptimization", "System.Web.StaticOptimization\System.Web.StaticOptimization.csproj", "{0E542336-6C09-4232-8CED-F123EB322624}"
EndProject
Project("{FAE04EC0-301F-11D3-BF4B-00C04F79EFBC}") = "System.Web.StaticOptimization.Build", "System.Web.StaticOptimization.Build\System.Web.StaticOptimization.Build.csproj", "{2021BFFF-A46D-4230-AB9B-DAF17E7E4EE6}"
EndProject
Global
	GlobalSection(SolutionConfigurationPlatforms) = preSolution
		Debug|Any CPU = Debug|Any CPU
		Release|Any CPU = Release|Any CPU
	EndGlobalSection
	GlobalSection(ProjectConfigurationPlatforms) = postSolution
		{BD2EFCD7-D6B7-4999-B9B7-E6BBCF2A85B2}.Debug|Any CPU.ActiveCfg = Debug|Any CPU
		{BD2EFCD7-D6B7-4999-B9B7-E6BBCF2A85B2}.Debug|Any CPU.Build.0 = Debug|Any CPU
		{BD2EFCD7-D6B7-4999-B9B7-E6BBCF2A85B2}.Release|Any CPU.ActiveCfg = Release|Any CPU
		{BD2EFCD7-D6B7-4999-B9B7-E6BBCF2A85B2}.Release|Any CPU.Build.0 = Release|Any CPU
		{0E542336-6C09-4232-8CED-F123EB322624}.Debug|Any CPU.ActiveCfg = Debug|Any CPU
		{0E542336-6C09-4232-8CED-F123EB322624}.Debug|Any CPU.Build.0 = Debug|Any CPU
		{0E542336-6C09-4232-8CED-F123EB322624}.Release|Any CPU.ActiveCfg = Release|Any CPU
		{0E542336-6C09-4232-8CED-F123EB322624}.Release|Any CPU.Build.0 = Release|Any CPU
		{2021BFFF-A46D-4230-AB9B-DAF17E7E4EE6}.Debug|Any CPU.ActiveCfg = Debug|Any CPU
		{2021BFFF-A46D-4230-AB9B-DAF17E7E4EE6}.Debug|Any CPU.Build.0 = Debug|Any CPU
		{2021BFFF-A46D-4230-AB9B-DAF17E7E4EE6}.Release|Any CPU.ActiveCfg = Release|Any CPU
		{2021BFFF-A46D-4230-AB9B-DAF17E7E4EE6}.Release|Any CPU.Build.0 = Release|Any CPU
	EndGlobalSection
	GlobalSection(SolutionProperties) = preSolution
		HideSolutionNode = FALSE
	EndGlobalSection
EndGlobal
